// !$*UTF8*$!
{
	archiveVersion = 1;
	classes = {
	};
	objectVersion = 46;
	objects = {

/* Begin PBXBuildFile section */
		1D7455081A9D25B00028B82A /* AppDelegate.swift in Sources */ = {isa = PBXBuildFile; fileRef = 1D7455071A9D25B00028B82A /* AppDelegate.swift */; };
		1D74550A1A9D25B00028B82A /* ViewController.swift in Sources */ = {isa = PBXBuildFile; fileRef = 1D7455091A9D25B00028B82A /* ViewController.swift */; };
		1D74550D1A9D25B00028B82A /* Main.storyboard in Resources */ = {isa = PBXBuildFile; fileRef = 1D74550B1A9D25B00028B82A /* Main.storyboard */; };
		1D74550F1A9D25B00028B82A /* Images.xcassets in Resources */ = {isa = PBXBuildFile; fileRef = 1D74550E1A9D25B00028B82A /* Images.xcassets */; };
		1D7455121A9D25B00028B82A /* LaunchScreen.xib in Resources */ = {isa = PBXBuildFile; fileRef = 1D7455101A9D25B00028B82A /* LaunchScreen.xib */; };
		1D74551E1A9D25B00028B82A /* ShoeConverterTests.swift in Sources */ = {isa = PBXBuildFile; fileRef = 1D74551D1A9D25B00028B82A /* ShoeConverterTests.swift */; };
/* End PBXBuildFile section */

/* Begin PBXContainerItemProxy section */
		1D7455181A9D25B00028B82A /* PBXContainerItemProxy */ = {
			isa = PBXContainerItemProxy;
			containerPortal = 1D7454FA1A9D25B00028B82A /* Project object */;
			proxyType = 1;
			remoteGlobalIDString = 1D7455011A9D25B00028B82A;
			remoteInfo = ShoeConverter;
		};
/* End PBXContainerItemProxy section */

/* Begin PBXFileReference section */
		1D7455021A9D25B00028B82A /* ShoeConverter.app */ = {isa = PBXFileReference; explicitFileType = wrapper.application; includeInIndex = 0; path = ShoeConverter.app; sourceTree = BUILT_PRODUCTS_DIR; };
		1D7455061A9D25B00028B82A /* Info.plist */ = {isa = PBXFileReference; lastKnownFileType = text.plist.xml; path = Info.plist; sourceTree = "<group>"; };
		1D7455071A9D25B00028B82A /* AppDelegate.swift */ = {isa = PBXFileReference; lastKnownFileType = sourcecode.swift; path = AppDelegate.swift; sourceTree = "<group>"; };
		1D7455091A9D25B00028B82A /* ViewController.swift */ = {isa = PBXFileReference; lastKnownFileType = sourcecode.swift; path = ViewController.swift; sourceTree = "<group>"; };
		1D74550C1A9D25B00028B82A /* Base */ = {isa = PBXFileReference; lastKnownFileType = file.storyboard; name = Base; path = Base.lproj/Main.storyboard; sourceTree = "<group>"; };
		1D74550E1A9D25B00028B82A /* Images.xcassets */ = {isa = PBXFileReference; lastKnownFileType = folder.assetcatalog; path = Images.xcassets; sourceTree = "<group>"; };
		1D7455111A9D25B00028B82A /* Base */ = {isa = PBXFileReference; lastKnownFileType = file.xib; name = Base; path = Base.lproj/LaunchScreen.xib; sourceTree = "<group>"; };
		1D7455171A9D25B00028B82A /* ShoeConverterTests.xctest */ = {isa = PBXFileReference; explicitFileType = wrapper.cfbundle; includeInIndex = 0; path = ShoeConverterTests.xctest; sourceTree = BUILT_PRODUCTS_DIR; };
		1D74551C1A9D25B00028B82A /* Info.plist */ = {isa = PBXFileReference; lastKnownFileType = text.plist.xml; path = Info.plist; sourceTree = "<group>"; };
		1D74551D1A9D25B00028B82A /* ShoeConverterTests.swift */ = {isa = PBXFileReference; lastKnownFileType = sourcecode.swift; path = ShoeConverterTests.swift; sourceTree = "<group>"; };
/* End PBXFileReference section */

/* Begin PBXFrameworksBuildPhase section */
		1D7454FF1A9D25B00028B82A /* Frameworks */ = {
			isa = PBXFrameworksBuildPhase;
			buildActionMask = 2147483647;
			files = (
			);
			runOnlyForDeploymentPostprocessing = 0;
		};
		1D7455141A9D25B00028B82A /* Frameworks */ = {
			isa = PBXFrameworksBuildPhase;
			buildActionMask = 2147483647;
			files = (
			);
			runOnlyForDeploymentPostprocessing = 0;
		};
/* End PBXFrameworksBuildPhase section */

/* Begin PBXGroup section */
		1D7454F91A9D25B00028B82A = {
			isa = PBXGroup;
			children = (
				1D7455041A9D25B00028B82A /* ShoeConverter */,
				1D74551A1A9D25B00028B82A /* ShoeConverterTests */,
				1D7455031A9D25B00028B82A /* Products */,
			);
			sourceTree = "<group>";
		};
		1D7455031A9D25B00028B82A /* Products */ = {
			isa = PBXGroup;
			children = (
				1D7455021A9D25B00028B82A /* ShoeConverter.app */,
				1D7455171A9D25B00028B82A /* ShoeConverterTests.xctest */,
			);
			name = Products;
			sourceTree = "<group>";
		};
		1D7455041A9D25B00028B82A /* ShoeConverter */ = {
			isa = PBXGroup;
			children = (
				1D7455071A9D25B00028B82A /* AppDelegate.swift */,
				1D7455091A9D25B00028B82A /* ViewController.swift */,
				1D74550B1A9D25B00028B82A /* Main.storyboard */,
				1D74550E1A9D25B00028B82A /* Images.xcassets */,
				1D7455101A9D25B00028B82A /* LaunchScreen.xib */,
				1D7455051A9D25B00028B82A /* Supporting Files */,
			);
			path = ShoeConverter;
			sourceTree = "<group>";
		};
		1D7455051A9D25B00028B82A /* Supporting Files */ = {
			isa = PBXGroup;
			children = (
				1D7455061A9D25B00028B82A /* Info.plist */,
			);
			name = "Supporting Files";
			sourceTree = "<group>";
		};
		1D74551A1A9D25B00028B82A /* ShoeConverterTests */ = {
			isa = PBXGroup;
			children = (
				1D74551D1A9D25B00028B82A /* ShoeConverterTests.swift */,
				1D74551B1A9D25B00028B82A /* Supporting Files */,
			);
			path = ShoeConverterTests;
			sourceTree = "<group>";
		};
		1D74551B1A9D25B00028B82A /* Supporting Files */ = {
			isa = PBXGroup;
			children = (
				1D74551C1A9D25B00028B82A /* Info.plist */,
			);
			name = "Supporting Files";
			sourceTree = "<group>";
		};
/* End PBXGroup section */

/* Begin PBXNativeTarget section */
		1D7455011A9D25B00028B82A /* ShoeConverter */ = {
			isa = PBXNativeTarget;
			buildConfigurationList = 1D7455211A9D25B00028B82A /* Build configuration list for PBXNativeTarget "ShoeConverter" */;
			buildPhases = (
				1D7454FE1A9D25B00028B82A /* Sources */,
				1D7454FF1A9D25B00028B82A /* Frameworks */,
				1D7455001A9D25B00028B82A /* Resources */,
			);
			buildRules = (
			);
			dependencies = (
			);
			name = ShoeConverter;
			productName = ShoeConverter;
			productReference = 1D7455021A9D25B00028B82A /* ShoeConverter.app */;
			productType = "com.apple.product-type.application";
		};
		1D7455161A9D25B00028B82A /* ShoeConverterTests */ = {
			isa = PBXNativeTarget;
			buildConfigurationList = 1D7455241A9D25B00028B82A /* Build configuration list for PBXNativeTarget "ShoeConverterTests" */;
			buildPhases = (
				1D7455131A9D25B00028B82A /* Sources */,
				1D7455141A9D25B00028B82A /* Frameworks */,
				1D7455151A9D25B00028B82A /* Resources */,
			);
			buildRules = (
			);
			dependencies = (
				1D7455191A9D25B00028B82A /* PBXTargetDependency */,
			);
			name = ShoeConverterTests;
			productName = ShoeConverterTests;
			productReference = 1D7455171A9D25B00028B82A /* ShoeConverterTests.xctest */;
			productType = "com.apple.product-type.bundle.unit-test";
		};
/* End PBXNativeTarget section */

/* Begin PBXProject section */
		1D7454FA1A9D25B00028B82A /* Project object */ = {
			isa = PBXProject;
			attributes = {
				LastUpgradeCheck = 0610;
				ORGANIZATIONNAME = "Eric Wilson";
				TargetAttributes = {
					1D7455011A9D25B00028B82A = {
						CreatedOnToolsVersion = 6.1.1;
						DevelopmentTeam = PRNY7D737T;
					};
					1D7455161A9D25B00028B82A = {
						CreatedOnToolsVersion = 6.1.1;
						TestTargetID = 1D7455011A9D25B00028B82A;
					};
				};
			};
			buildConfigurationList = 1D7454FD1A9D25B00028B82A /* Build configuration list for PBXProject "ShoeConverter" */;
			compatibilityVersion = "Xcode 3.2";
			developmentRegion = English;
			hasScannedForEncodings = 0;
			knownRegions = (
				en,
				Base,
			);
			mainGroup = 1D7454F91A9D25B00028B82A;
			productRefGroup = 1D7455031A9D25B00028B82A /* Products */;
			projectDirPath = "";
			projectRoot = "";
			targets = (
				1D7455011A9D25B00028B82A /* ShoeConverter */,
				1D7455161A9D25B00028B82A /* ShoeConverterTests */,
			);
		};
/* End PBXProject section */

/* Begin PBXResourcesBuildPhase section */
		1D7455001A9D25B00028B82A /* Resources */ = {
			isa = PBXResourcesBuildPhase;
			buildActionMask = 2147483647;
			files = (
				1D74550D1A9D25B00028B82A /* Main.storyboard in Resources */,
				1D7455121A9D25B00028B82A /* LaunchScreen.xib in Resources */,
				1D74550F1A9D25B00028B82A /* Images.xcassets in Resources */,
			);
			runOnlyForDeploymentPostprocessing = 0;
		};
		1D7455151A9D25B00028B82A /* Resources */ = {
			isa = PBXResourcesBuildPhase;
			buildActionMask = 2147483647;
			files = (
			);
			runOnlyForDeploymentPostprocessing = 0;
		};
/* End PBXResourcesBuildPhase section */

/* Begin PBXSourcesBuildPhase section */
		1D7454FE1A9D25B00028B82A /* Sources */ = {
			isa = PBXSourcesBuildPhase;
			buildActionMask = 2147483647;
			files = (
				1D74550A1A9D25B00028B82A /* ViewController.swift in Sources */,
				1D7455081A9D25B00028B82A /* AppDelegate.swift in Sources */,
			);
			runOnlyForDeploymentPostprocessing = 0;
		};
		1D7455131A9D25B00028B82A /* Sources */ = {
			isa = PBXSourcesBuildPhase;
			buildActionMask = 2147483647;
			files = (
				1D74551E1A9D25B00028B82A /* ShoeConverterTests.swift in Sources */,
			);
			runOnlyForDeploymentPostprocessing = 0;
		};
/* End PBXSourcesBuildPhase section */

/* Begin PBXTargetDependency section */
		1D7455191A9D25B00028B82A /* PBXTargetDependency */ = {
			isa = PBXTargetDependency;
			target = 1D7455011A9D25B00028B82A /* ShoeConverter */;
			targetProxy = 1D7455181A9D25B00028B82A /* PBXContainerItemProxy */;
		};
/* End PBXTargetDependency section */

/* Begin PBXVariantGroup section */
		1D74550B1A9D25B00028B82A /* Main.storyboard */ = {
			isa = PBXVariantGroup;
			children = (
				1D74550C1A9D25B00028B82A /* Base */,
			);
			name = Main.storyboard;
			sourceTree = "<group>";
		};
		1D7455101A9D25B00028B82A /* LaunchScreen.xib */ = {
			isa = PBXVariantGroup;
			children = (
				1D7455111A9D25B00028B82A /* Base */,
			);
			name = LaunchScreen.xib;
			sourceTree = "<group>";
		};
/* End PBXVariantGroup section */

/* Begin XCBuildConfiguration section */
		1D74551F1A9D25B00028B82A /* Debug */ = {
			isa = XCBuildConfiguration;
			buildSettings = {
				ALWAYS_SEARCH_USER_PATHS = NO;
				CLANG_CXX_LANGUAGE_STANDARD = "gnu++0x";
				CLANG_CXX_LIBRARY = "libc++";
				CLANG_ENABLE_MODULES = YES;
				CLANG_ENABLE_OBJC_ARC = YES;
				CLANG_WARN_BOOL_CONVERSION = YES;
				CLANG_WARN_CONSTANT_CONVERSION = YES;
				CLANG_WARN_DIRECT_OBJC_ISA_USAGE = YES_ERROR;
				CLANG_WARN_EMPTY_BODY = YES;
				CLANG_WARN_ENUM_CONVERSION = YES;
				CLANG_WARN_INT_CONVERSION = YES;
				CLANG_WARN_OBJC_ROOT_CLASS = YES_ERROR;
				CLANG_WARN_UNREACHABLE_CODE = YES;
				CLANG_WARN__DUPLICATE_METHOD_MATCH = YES;
				"CODE_SIGN_IDENTITY[sdk=iphoneos*]" = "iPhone Developer";
				COPY_PHASE_STRIP = NO;
				ENABLE_STRICT_OBJC_MSGSEND = YES;
				GCC_C_LANGUAGE_STANDARD = gnu99;
				GCC_DYNAMIC_NO_PIC = NO;
				GCC_OPTIMIZATION_LEVEL = 0;
				GCC_PREPROCESSOR_DEFINITIONS = (
					"DEBUG=1",
					"$(inherited)",
				);
				GCC_SYMBOLS_PRIVATE_EXTERN = NO;
				GCC_WARN_64_TO_32_BIT_CONVERSION = YES;
				GCC_WARN_ABOUT_RETURN_TYPE = YES_ERROR;
				GCC_WARN_UNDECLARED_SELECTOR = YES;
				GCC_WARN_UNINITIALIZED_AUTOS = YES_AGGRESSIVE;
				GCC_WARN_UNUSED_FUNCTION = YES;
				GCC_WARN_UNUSED_VARIABLE = YES;
				IPHONEOS_DEPLOYMENT_TARGET = 8.1;
				MTL_ENABLE_DEBUG_INFO = YES;
				ONLY_ACTIVE_ARCH = YES;
				SDKROOT = iphoneos;
				SWIFT_OPTIMIZATION_LEVEL = "-Onone";
				TARGETED_DEVICE_FAMILY = "1,2";
			};
			name = Debug;
		};
		1D7455201A9D25B00028B82A /* Release */ = {
			isa = XCBuildConfiguration;
			buildSettings = {
				ALWAYS_SEARCH_USER_PATHS = NO;
				CLANG_CXX_LANGUAGE_STANDARD = "gnu++0x";
				CLANG_CXX_LIBRARY = "libc++";
				CLANG_ENABLE_MODULES = YES;
				CLANG_ENABLE_OBJC_ARC = YES;
				CLANG_WARN_BOOL_CONVERSION = YES;
				CLANG_WARN_CONSTANT_CONVERSION = YES;
				CLANG_WARN_DIRECT_OBJC_ISA_USAGE = YES_ERROR;
				CLANG_WARN_EMPTY_BODY = YES;
				CLANG_WARN_ENUM_CONVERSION = YES;
				CLANG_WARN_INT_CONVERSION = YES;
				CLANG_WARN_OBJC_ROOT_CLASS = YES_ERROR;
				CLANG_WARN_UNREACHABLE_CODE = YES;
				CLANG_WARN__DUPLICATE_METHOD_MATCH = YES;
				"CODE_SIGN_IDENTITY[sdk=iphoneos*]" = "iPhone Developer";
				COPY_PHASE_STRIP = YES;
				ENABLE_NS_ASSERTIONS = NO;
				ENABLE_STRICT_OBJC_MSGSEND = YES;
				GCC_C_LANGUAGE_STANDARD = gnu99;
				GCC_WARN_64_TO_32_BIT_CONVERSION = YES;
				GCC_WARN_ABOUT_RETURN_TYPE = YES_ERROR;
				GCC_WARN_UNDECLARED_SELECTOR = YES;
				GCC_WARN_UNINITIALIZED_AUTOS = YES_AGGRESSIVE;
				GCC_WARN_UNUSED_FUNCTION = YES;
				GCC_WARN_UNUSED_VARIABLE = YES;
				IPHONEOS_DEPLOYMENT_TARGET = 8.1;
				MTL_ENABLE_DEBUG_INFO = NO;
				SDKROOT = iphoneos;
				TARGETED_DEVICE_FAMILY = "1,2";
				VALIDATE_PRODUCT = YES;
			};
			name = Release;
		};
		1D7455221A9D25B00028B82A /* Debug */ = {
			isa = XCBuildConfiguration;
			buildSettings = {
				ASSETCATALOG_COMPILER_APPICON_NAME = AppIcon;
				CODE_SIGN_IDENTITY = "iPhone Developer";
				"CODE_SIGN_IDENTITY[sdk=iphoneos*]" = "iPhone Developer";
				INFOPLIST_FILE = ShoeConverter/Info.plist;
				LD_RUNPATH_SEARCH_PATHS = "$(inherited) @executable_path/Frameworks";
				PRODUCT_NAME = "$(TARGET_NAME)";
				PROVISIONING_PROFILE = "";
			};
			name = Debug;
		};
		1D7455231A9D25B00028B82A /* Release */ = {
			isa = XCBuildConfiguration;
			buildSettings = {
				ASSETCATALOG_COMPILER_APPICON_NAME = AppIcon;
				CODE_SIGN_IDENTITY = "iPhone Developer";
				"CODE_SIGN_IDENTITY[sdk=iphoneos*]" = "iPhone Developer";
				INFOPLIST_FILE = ShoeConverter/Info.plist;
				LD_RUNPATH_SEARCH_PATHS = "$(inherited) @executable_path/Frameworks";
				PRODUCT_NAME = "$(TARGET_NAME)";
				PROVISIONING_PROFILE = "";
			};
			name = Release;
		};
		1D7455251A9D25B00028B82A /* Debug */ = {
			isa = XCBuildConfiguration;
			buildSettings = {
				BUNDLE_LOADER = "$(TEST_HOST)";
				FRAMEWORK_SEARCH_PATHS = (
					"$(SDKROOT)/Developer/Library/Frameworks",
					"$(inherited)",
				);
				GCC_PREPROCESSOR_DEFINITIONS = (
					"DEBUG=1",
					"$(inherited)",
				);
				INFOPLIST_FILE = ShoeConverterTests/Info.plist;
				LD_RUNPATH_SEARCH_PATHS = "$(inherited) @executable_path/Frameworks @loader_path/Frameworks";
				PRODUCT_NAME = "$(TARGET_NAME)";
				TEST_HOST = "$(BUILT_PRODUCTS_DIR)/ShoeConverter.app/ShoeConverter";
			};
			name = Debug;
		};
		1D7455261A9D25B00028B82A /* Release */ = {
			isa = XCBuildConfiguration;
			buildSettings = {
				BUNDLE_LOADER = "$(TEST_HOST)";
				FRAMEWORK_SEARCH_PATHS = (
					"$(SDKROOT)/Developer/Library/Frameworks",
					"$(inherited)",
				);
				INFOPLIST_FILE = ShoeConverterTests/Info.plist;
				LD_RUNPATH_SEARCH_PATHS = "$(inherited) @executable_path/Frameworks @loader_path/Frameworks";
				PRODUCT_NAME = "$(TARGET_NAME)";
				TEST_HOST = "$(BUILT_PRODUCTS_DIR)/ShoeConverter.app/ShoeConverter";
			};
			name = Release;
		};
/* End XCBuildConfiguration section */

/* Begin XCConfigurationList section */
		1D7454FD1A9D25B00028B82A /* Build configuration list for PBXProject "ShoeConverter" */ = {
			isa = XCConfigurationList;
			buildConfigurations = (
				1D74551F1A9D25B00028B82A /* Debug */,
				1D7455201A9D25B00028B82A /* Release */,
			);
			defaultConfigurationIsVisible = 0;
			defaultConfigurationName = Release;
		};
		1D7455211A9D25B00028B82A /* Build configuration list for PBXNativeTarget "ShoeConverter" */ = {
			isa = XCConfigurationList;
			buildConfigurations = (
				1D7455221A9D25B00028B82A /* Debug */,
				1D7455231A9D25B00028B82A /* Release */,
			);
			defaultConfigurationIsVisible = 0;
		};
		1D7455241A9D25B00028B82A /* Build configuration list for PBXNativeTarget "ShoeConverterTests" */ = {
			isa = XCConfigurationList;
			buildConfigurations = (
				1D7455251A9D25B00028B82A /* Debug */,
				1D7455261A9D25B00028B82A /* Release */,
			);
			defaultConfigurationIsVisible = 0;
		};
/* End XCConfigurationList section */
	};
	rootObject = 1D7454FA1A9D25B00028B82A /* Project object */;
}
